
Microsoft Visual Studio Solution File, Format Version 12.00
Project("{FAE04EC0-301F-11D3-BF4B-00C04F79EFBC}") = "BackendWebApi", "BackendWebApi\BackendWebApi.csproj", "{E12A27D7-F274-4409-9024-7356CB87BD96}"
EndProject
Global
	GlobalSection(SolutionConfigurationPlatforms) = preSolution
		Debug|Any CPU = Debug|Any CPU
		Release|Any CPU = Release|Any CPU
	EndGlobalSection
	GlobalSection(ProjectConfigurationPlatforms) = postSolution
		{E12A27D7-F274-4409-9024-7356CB87BD96}.Debug|Any CPU.ActiveCfg = Debug|Any CPU
		{E12A27D7-F274-4409-9024-7356CB87BD96}.Debug|Any CPU.Build.0 = Debug|Any CPU
		{E12A27D7-F274-4409-9024-7356CB87BD96}.Release|Any CPU.ActiveCfg = Release|Any CPU
		{E12A27D7-F274-4409-9024-7356CB87BD96}.Release|Any CPU.Build.0 = Release|Any CPU
	EndGlobalSection
EndGlobal
